
Microsoft Visual Studio Solution File, Format Version 12.00
# Visual Studio Version 16
VisualStudioVersion = 16.0.31112.23
MinimumVisualStudioVersion = 10.0.40219.1
Project("{FAE04EC0-301F-11D3-BF4B-00C04F79EFBC}") = "LabSintaxis4Ej9", "LabSintaxis4Ej9\LabSintaxis4Ej9.csproj", "{B8CF8955-A10B-4800-AB08-13788D7EFA55}"
EndProject
Global
	GlobalSection(SolutionConfigurationPlatforms) = preSolution
		Debug|Any CPU = Debug|Any CPU
		Release|Any CPU = Release|Any CPU
	EndGlobalSection
	GlobalSection(ProjectConfigurationPlatforms) = postSolution
		{B8CF8955-A10B-4800-AB08-13788D7EFA55}.Debug|Any CPU.ActiveCfg = Debug|Any CPU
		{B8CF8955-A10B-4800-AB08-13788D7EFA55}.Debug|Any CPU.Build.0 = Debug|Any CPU
		{B8CF8955-A10B-4800-AB08-13788D7EFA55}.Release|Any CPU.ActiveCfg = Release|Any CPU
		{B8CF8955-A10B-4800-AB08-13788D7EFA55}.Release|Any CPU.Build.0 = Release|Any CPU
	EndGlobalSection
	GlobalSection(SolutionProperties) = preSolution
		HideSolutionNode = FALSE
	EndGlobalSection
	GlobalSection(ExtensibilityGlobals) = postSolution
		SolutionGuid = {7776A2C6-F01E-48AA-B779-87E5C4B71C32}
	EndGlobalSection
EndGlobal
