
Microsoft Visual Studio Solution File, Format Version 12.00
# Visual Studio Version 16
VisualStudioVersion = 16.0.31112.23
MinimumVisualStudioVersion = 10.0.40219.1
Project("{FAE04EC0-301F-11D3-BF4B-00C04F79EFBC}") = "LabSintaxis4Ej5", "LabSintaxis4Ej5\LabSintaxis4Ej5.csproj", "{792DA2DD-2814-40D3-BBC3-D2A8A03D9440}"
EndProject
Global
	GlobalSection(SolutionConfigurationPlatforms) = preSolution
		Debug|Any CPU = Debug|Any CPU
		Release|Any CPU = Release|Any CPU
	EndGlobalSection
	GlobalSection(ProjectConfigurationPlatforms) = postSolution
		{792DA2DD-2814-40D3-BBC3-D2A8A03D9440}.Debug|Any CPU.ActiveCfg = Debug|Any CPU
		{792DA2DD-2814-40D3-BBC3-D2A8A03D9440}.Debug|Any CPU.Build.0 = Debug|Any CPU
		{792DA2DD-2814-40D3-BBC3-D2A8A03D9440}.Release|Any CPU.ActiveCfg = Release|Any CPU
		{792DA2DD-2814-40D3-BBC3-D2A8A03D9440}.Release|Any CPU.Build.0 = Release|Any CPU
	EndGlobalSection
	GlobalSection(SolutionProperties) = preSolution
		HideSolutionNode = FALSE
	EndGlobalSection
	GlobalSection(ExtensibilityGlobals) = postSolution
		SolutionGuid = {DF1CEE0C-1FC9-4C6B-B906-8A045033FB04}
	EndGlobalSection
EndGlobal
