
Microsoft Visual Studio Solution File, Format Version 12.00
# Visual Studio Version 16
VisualStudioVersion = 16.0.31112.23
MinimumVisualStudioVersion = 10.0.40219.1
Project("{FAE04EC0-301F-11D3-BF4B-00C04F79EFBC}") = "LabSintaxis2Bis", "LabSintaxis2Bis\LabSintaxis2Bis.csproj", "{A53A6E2C-36D4-4074-B00C-841EA34CD026}"
EndProject
Global
	GlobalSection(SolutionConfigurationPlatforms) = preSolution
		Debug|Any CPU = Debug|Any CPU
		Release|Any CPU = Release|Any CPU
	EndGlobalSection
	GlobalSection(ProjectConfigurationPlatforms) = postSolution
		{A53A6E2C-36D4-4074-B00C-841EA34CD026}.Debug|Any CPU.ActiveCfg = Debug|Any CPU
		{A53A6E2C-36D4-4074-B00C-841EA34CD026}.Debug|Any CPU.Build.0 = Debug|Any CPU
		{A53A6E2C-36D4-4074-B00C-841EA34CD026}.Release|Any CPU.ActiveCfg = Release|Any CPU
		{A53A6E2C-36D4-4074-B00C-841EA34CD026}.Release|Any CPU.Build.0 = Release|Any CPU
	EndGlobalSection
	GlobalSection(SolutionProperties) = preSolution
		HideSolutionNode = FALSE
	EndGlobalSection
	GlobalSection(ExtensibilityGlobals) = postSolution
		SolutionGuid = {7BA72654-4A9F-45AD-AE8A-9631A0310898}
	EndGlobalSection
EndGlobal
