
Microsoft Visual Studio Solution File, Format Version 12.00
# Visual Studio Version 16
VisualStudioVersion = 16.0.31112.23
MinimumVisualStudioVersion = 10.0.40219.1
Project("{FAE04EC0-301F-11D3-BF4B-00C04F79EFBC}") = "Geometria", "Geometria\Geometria.csproj", "{0DE1C648-34E7-4E08-8471-8C3F441CB3B1}"
EndProject
Global
	GlobalSection(SolutionConfigurationPlatforms) = preSolution
		Debug|Any CPU = Debug|Any CPU
		Release|Any CPU = Release|Any CPU
	EndGlobalSection
	GlobalSection(ProjectConfigurationPlatforms) = postSolution
		{0DE1C648-34E7-4E08-8471-8C3F441CB3B1}.Debug|Any CPU.ActiveCfg = Debug|Any CPU
		{0DE1C648-34E7-4E08-8471-8C3F441CB3B1}.Debug|Any CPU.Build.0 = Debug|Any CPU
		{0DE1C648-34E7-4E08-8471-8C3F441CB3B1}.Release|Any CPU.ActiveCfg = Release|Any CPU
		{0DE1C648-34E7-4E08-8471-8C3F441CB3B1}.Release|Any CPU.Build.0 = Release|Any CPU
	EndGlobalSection
	GlobalSection(SolutionProperties) = preSolution
		HideSolutionNode = FALSE
	EndGlobalSection
	GlobalSection(ExtensibilityGlobals) = postSolution
		SolutionGuid = {0D321526-B189-45E4-95DC-6CC2A005CEB0}
	EndGlobalSection
EndGlobal
