
Microsoft Visual Studio Solution File, Format Version 12.00
# Visual Studio Version 16
VisualStudioVersion = 16.0.31112.23
MinimumVisualStudioVersion = 10.0.40219.1
Project("{FAE04EC0-301F-11D3-BF4B-00C04F79EFBC}") = "LabGrilla", "LabGrilla\LabGrilla.csproj", "{D1611E16-FD00-4E2C-9F24-CD23A8DACBAF}"
EndProject
Project("{FAE04EC0-301F-11D3-BF4B-00C04F79EFBC}") = "Negocio", "Negocio\Negocio.csproj", "{05C6A57C-00A4-415C-BA69-6A77A5B6C412}"
EndProject
Global
	GlobalSection(SolutionConfigurationPlatforms) = preSolution
		Debug|Any CPU = Debug|Any CPU
		Release|Any CPU = Release|Any CPU
	EndGlobalSection
	GlobalSection(ProjectConfigurationPlatforms) = postSolution
		{D1611E16-FD00-4E2C-9F24-CD23A8DACBAF}.Debug|Any CPU.ActiveCfg = Debug|Any CPU
		{D1611E16-FD00-4E2C-9F24-CD23A8DACBAF}.Debug|Any CPU.Build.0 = Debug|Any CPU
		{D1611E16-FD00-4E2C-9F24-CD23A8DACBAF}.Release|Any CPU.ActiveCfg = Release|Any CPU
		{D1611E16-FD00-4E2C-9F24-CD23A8DACBAF}.Release|Any CPU.Build.0 = Release|Any CPU
		{05C6A57C-00A4-415C-BA69-6A77A5B6C412}.Debug|Any CPU.ActiveCfg = Debug|Any CPU
		{05C6A57C-00A4-415C-BA69-6A77A5B6C412}.Debug|Any CPU.Build.0 = Debug|Any CPU
		{05C6A57C-00A4-415C-BA69-6A77A5B6C412}.Release|Any CPU.ActiveCfg = Release|Any CPU
		{05C6A57C-00A4-415C-BA69-6A77A5B6C412}.Release|Any CPU.Build.0 = Release|Any CPU
	EndGlobalSection
	GlobalSection(SolutionProperties) = preSolution
		HideSolutionNode = FALSE
	EndGlobalSection
	GlobalSection(ExtensibilityGlobals) = postSolution
		SolutionGuid = {673DE7A7-3A33-4EC3-AE99-F2311C497DB1}
	EndGlobalSection
EndGlobal
