
Microsoft Visual Studio Solution File, Format Version 12.00
# Visual Studio Version 16
VisualStudioVersion = 16.0.31112.23
MinimumVisualStudioVersion = 10.0.40219.1
Project("{FAE04EC0-301F-11D3-BF4B-00C04F79EFBC}") = "LabSintaxis4Ej3", "LabSintaxis4Ej3\LabSintaxis4Ej3.csproj", "{FD8BA366-8C69-46F1-9FC7-5832D569B25D}"
EndProject
Global
	GlobalSection(SolutionConfigurationPlatforms) = preSolution
		Debug|Any CPU = Debug|Any CPU
		Release|Any CPU = Release|Any CPU
	EndGlobalSection
	GlobalSection(ProjectConfigurationPlatforms) = postSolution
		{FD8BA366-8C69-46F1-9FC7-5832D569B25D}.Debug|Any CPU.ActiveCfg = Debug|Any CPU
		{FD8BA366-8C69-46F1-9FC7-5832D569B25D}.Debug|Any CPU.Build.0 = Debug|Any CPU
		{FD8BA366-8C69-46F1-9FC7-5832D569B25D}.Release|Any CPU.ActiveCfg = Release|Any CPU
		{FD8BA366-8C69-46F1-9FC7-5832D569B25D}.Release|Any CPU.Build.0 = Release|Any CPU
	EndGlobalSection
	GlobalSection(SolutionProperties) = preSolution
		HideSolutionNode = FALSE
	EndGlobalSection
	GlobalSection(ExtensibilityGlobals) = postSolution
		SolutionGuid = {4FCE0BA4-BB80-4541-AF72-D4E5C126B8C5}
	EndGlobalSection
EndGlobal
