
Microsoft Visual Studio Solution File, Format Version 12.00
# Visual Studio Version 16
VisualStudioVersion = 16.0.31112.23
MinimumVisualStudioVersion = 10.0.40219.1
Project("{FAE04EC0-301F-11D3-BF4B-00C04F79EFBC}") = "Lab01", "Lab01\Lab01.csproj", "{C12DB305-7C0F-4CD9-86D3-5A8BD7E07B71}"
EndProject
Global
	GlobalSection(SolutionConfigurationPlatforms) = preSolution
		Debug|Any CPU = Debug|Any CPU
		Release|Any CPU = Release|Any CPU
	EndGlobalSection
	GlobalSection(ProjectConfigurationPlatforms) = postSolution
		{C12DB305-7C0F-4CD9-86D3-5A8BD7E07B71}.Debug|Any CPU.ActiveCfg = Debug|Any CPU
		{C12DB305-7C0F-4CD9-86D3-5A8BD7E07B71}.Debug|Any CPU.Build.0 = Debug|Any CPU
		{C12DB305-7C0F-4CD9-86D3-5A8BD7E07B71}.Release|Any CPU.ActiveCfg = Release|Any CPU
		{C12DB305-7C0F-4CD9-86D3-5A8BD7E07B71}.Release|Any CPU.Build.0 = Release|Any CPU
	EndGlobalSection
	GlobalSection(SolutionProperties) = preSolution
		HideSolutionNode = FALSE
	EndGlobalSection
	GlobalSection(ExtensibilityGlobals) = postSolution
		SolutionGuid = {838AED35-8991-4E61-ADA9-53B88CEED3CC}
	EndGlobalSection
EndGlobal
