
Microsoft Visual Studio Solution File, Format Version 12.00
# Visual Studio Version 16
VisualStudioVersion = 16.0.31112.23
MinimumVisualStudioVersion = 10.0.40219.1
Project("{FAE04EC0-301F-11D3-BF4B-00C04F79EFBC}") = "LabSintaxis2", "LabSintaxis2\LabSintaxis2.csproj", "{C1F26C94-DEAB-4FC5-BDAA-611576080482}"
EndProject
Global
	GlobalSection(SolutionConfigurationPlatforms) = preSolution
		Debug|Any CPU = Debug|Any CPU
		Release|Any CPU = Release|Any CPU
	EndGlobalSection
	GlobalSection(ProjectConfigurationPlatforms) = postSolution
		{C1F26C94-DEAB-4FC5-BDAA-611576080482}.Debug|Any CPU.ActiveCfg = Debug|Any CPU
		{C1F26C94-DEAB-4FC5-BDAA-611576080482}.Debug|Any CPU.Build.0 = Debug|Any CPU
		{C1F26C94-DEAB-4FC5-BDAA-611576080482}.Release|Any CPU.ActiveCfg = Release|Any CPU
		{C1F26C94-DEAB-4FC5-BDAA-611576080482}.Release|Any CPU.Build.0 = Release|Any CPU
	EndGlobalSection
	GlobalSection(SolutionProperties) = preSolution
		HideSolutionNode = FALSE
	EndGlobalSection
	GlobalSection(ExtensibilityGlobals) = postSolution
		SolutionGuid = {3D7B2BA5-ADB8-4FB4-AE72-CC9A7C2B7F5A}
	EndGlobalSection
EndGlobal
